
Microsoft Visual Studio Solution File, Format Version 12.00
# Visual Studio Version 17
VisualStudioVersion = 17.2.32519.379
MinimumVisualStudioVersion = 10.0.40219.1
Project("{FAE04EC0-301F-11D3-BF4B-00C04F79EFBC}") = "multiply", "multiply\multiply.csproj", "{5DF5703E-423B-4B3D-8ABA-284DE09C97A0}"
EndProject
Global
	GlobalSection(SolutionConfigurationPlatforms) = preSolution
		Debug|Any CPU = Debug|Any CPU
		Release|Any CPU = Release|Any CPU
	EndGlobalSection
	GlobalSection(ProjectConfigurationPlatforms) = postSolution
		{5DF5703E-423B-4B3D-8ABA-284DE09C97A0}.Debug|Any CPU.ActiveCfg = Debug|Any CPU
		{5DF5703E-423B-4B3D-8ABA-284DE09C97A0}.Debug|Any CPU.Build.0 = Debug|Any CPU
		{5DF5703E-423B-4B3D-8ABA-284DE09C97A0}.Release|Any CPU.ActiveCfg = Release|Any CPU
		{5DF5703E-423B-4B3D-8ABA-284DE09C97A0}.Release|Any CPU.Build.0 = Release|Any CPU
	EndGlobalSection
	GlobalSection(SolutionProperties) = preSolution
		HideSolutionNode = FALSE
	EndGlobalSection
	GlobalSection(ExtensibilityGlobals) = postSolution
		SolutionGuid = {D9FFC89C-FE32-457F-99C0-E9412B566107}
	EndGlobalSection
EndGlobal
