
Microsoft Visual Studio Solution File, Format Version 12.00
# Visual Studio Version 17
VisualStudioVersion = 17.2.32519.379
MinimumVisualStudioVersion = 10.0.40219.1
Project("{FAE04EC0-301F-11D3-BF4B-00C04F79EFBC}") = "indexers", "indexers\indexers.csproj", "{BF4337CC-515E-4D3E-B272-F1294BBEE0EE}"
EndProject
Global
	GlobalSection(SolutionConfigurationPlatforms) = preSolution
		Debug|Any CPU = Debug|Any CPU
		Release|Any CPU = Release|Any CPU
	EndGlobalSection
	GlobalSection(ProjectConfigurationPlatforms) = postSolution
		{BF4337CC-515E-4D3E-B272-F1294BBEE0EE}.Debug|Any CPU.ActiveCfg = Debug|Any CPU
		{BF4337CC-515E-4D3E-B272-F1294BBEE0EE}.Debug|Any CPU.Build.0 = Debug|Any CPU
		{BF4337CC-515E-4D3E-B272-F1294BBEE0EE}.Release|Any CPU.ActiveCfg = Release|Any CPU
		{BF4337CC-515E-4D3E-B272-F1294BBEE0EE}.Release|Any CPU.Build.0 = Release|Any CPU
	EndGlobalSection
	GlobalSection(SolutionProperties) = preSolution
		HideSolutionNode = FALSE
	EndGlobalSection
	GlobalSection(ExtensibilityGlobals) = postSolution
		SolutionGuid = {8555CA05-BE44-46A6-BCDD-7762CFEF1D00}
	EndGlobalSection
EndGlobal
