
Microsoft Visual Studio Solution File, Format Version 12.00
# Visual Studio Version 17
VisualStudioVersion = 17.2.32519.379
MinimumVisualStudioVersion = 10.0.40219.1
Project("{FAE04EC0-301F-11D3-BF4B-00C04F79EFBC}") = "linq", "linq\linq.csproj", "{98BFB158-3E39-43A5-B7A2-C15491965D71}"
EndProject
Global
	GlobalSection(SolutionConfigurationPlatforms) = preSolution
		Debug|Any CPU = Debug|Any CPU
		Release|Any CPU = Release|Any CPU
	EndGlobalSection
	GlobalSection(ProjectConfigurationPlatforms) = postSolution
		{98BFB158-3E39-43A5-B7A2-C15491965D71}.Debug|Any CPU.ActiveCfg = Debug|Any CPU
		{98BFB158-3E39-43A5-B7A2-C15491965D71}.Debug|Any CPU.Build.0 = Debug|Any CPU
		{98BFB158-3E39-43A5-B7A2-C15491965D71}.Release|Any CPU.ActiveCfg = Release|Any CPU
		{98BFB158-3E39-43A5-B7A2-C15491965D71}.Release|Any CPU.Build.0 = Release|Any CPU
	EndGlobalSection
	GlobalSection(SolutionProperties) = preSolution
		HideSolutionNode = FALSE
	EndGlobalSection
	GlobalSection(ExtensibilityGlobals) = postSolution
		SolutionGuid = {7B50963D-8B22-4801-AD84-934D875AC3E3}
	EndGlobalSection
EndGlobal
